
Microsoft Visual Studio Solution File, Format Version 12.00
# Visual Studio Version 17
VisualStudioVersion = 17.8.34330.188
MinimumVisualStudioVersion = 10.0.40219.1
Project("{FAE04EC0-301F-11D3-BF4B-00C04F79EFBC}") = "NuGetClear", "NuGetClear.csproj", "{B2B2425F-DA06-4522-BA86-F4441F037269}"
EndProject
Global
	GlobalSection(SolutionConfigurationPlatforms) = preSolution
		Debug|Any CPU = Debug|Any CPU
		Release|Any CPU = Release|Any CPU
	EndGlobalSection
	GlobalSection(ProjectConfigurationPlatforms) = postSolution
		{B2B2425F-DA06-4522-BA86-F4441F037269}.Debug|Any CPU.ActiveCfg = Debug|Any CPU
		{B2B2425F-DA06-4522-BA86-F4441F037269}.Debug|Any CPU.Build.0 = Debug|Any CPU
		{B2B2425F-DA06-4522-BA86-F4441F037269}.Release|Any CPU.ActiveCfg = Release|Any CPU
		{B2B2425F-DA06-4522-BA86-F4441F037269}.Release|Any CPU.Build.0 = Release|Any CPU
	EndGlobalSection
	GlobalSection(SolutionProperties) = preSolution
		HideSolutionNode = FALSE
	EndGlobalSection
	GlobalSection(ExtensibilityGlobals) = postSolution
		SolutionGuid = {A7E86353-3A64-4E73-BBC0-7BDDBF080392}
	EndGlobalSection
EndGlobal
